
Microsoft Visual Studio Solution File, Format Version 12.00
# Visual Studio Version 16
VisualStudioVersion = 16.0.30717.126
MinimumVisualStudioVersion = 10.0.40219.1
Project("{FAE04EC0-301F-11D3-BF4B-00C04F79EFBC}") = "Lab01", "Lab01\Lab01.csproj", "{BE580AAE-4E15-44D9-850D-34313D7D34CF}"
EndProject
Global
	GlobalSection(SolutionConfigurationPlatforms) = preSolution
		Debug|Any CPU = Debug|Any CPU
		Release|Any CPU = Release|Any CPU
	EndGlobalSection
	GlobalSection(ProjectConfigurationPlatforms) = postSolution
		{BE580AAE-4E15-44D9-850D-34313D7D34CF}.Debug|Any CPU.ActiveCfg = Debug|Any CPU
		{BE580AAE-4E15-44D9-850D-34313D7D34CF}.Debug|Any CPU.Build.0 = Debug|Any CPU
		{BE580AAE-4E15-44D9-850D-34313D7D34CF}.Release|Any CPU.ActiveCfg = Release|Any CPU
		{BE580AAE-4E15-44D9-850D-34313D7D34CF}.Release|Any CPU.Build.0 = Release|Any CPU
	EndGlobalSection
	GlobalSection(SolutionProperties) = preSolution
		HideSolutionNode = FALSE
	EndGlobalSection
	GlobalSection(ExtensibilityGlobals) = postSolution
		SolutionGuid = {3A3AB2B5-B35F-46C0-B4DC-8905D6562E45}
	EndGlobalSection
EndGlobal
